// !$*UTF8*$!
{
	archiveVersion = 1;
	classes = {
	};
	objectVersion = 46;
	objects = {

/* Begin PBXBuildFile section */
		10320E21143A053C0040FF51 /* UIKit.framework in Frameworks */ = {isa = PBXBuildFile; fileRef = 10320E20143A053C0040FF51 /* UIKit.framework */; };
		10320E23143A053C0040FF51 /* Foundation.framework in Frameworks */ = {isa = PBXBuildFile; fileRef = 10320E22143A053C0040FF51 /* Foundation.framework */; };
		10320E25143A053C0040FF51 /* CoreGraphics.framework in Frameworks */ = {isa = PBXBuildFile; fileRef = 10320E24143A053C0040FF51 /* CoreGraphics.framework */; };
		10320E2B143A053C0040FF51 /* InfoPlist.strings in Resources */ = {isa = PBXBuildFile; fileRef = 10320E29143A053C0040FF51 /* InfoPlist.strings */; };
		10320E2D143A053C0040FF51 /* main.m in Sources */ = {isa = PBXBuildFile; fileRef = 10320E2C143A053C0040FF51 /* main.m */; };
		10320E31143A053C0040FF51 /* pdf_tutorialAppDelegate.m in Sources */ = {isa = PBXBuildFile; fileRef = 10320E30143A053C0040FF51 /* pdf_tutorialAppDelegate.m */; };
		10320E34143A053C0040FF51 /* MainWindow.xib in Resources */ = {isa = PBXBuildFile; fileRef = 10320E32143A053C0040FF51 /* MainWindow.xib */; };
		10320E37143A053C0040FF51 /* pdf_tutorialViewController.m in Sources */ = {isa = PBXBuildFile; fileRef = 10320E36143A053C0040FF51 /* pdf_tutorialViewController.m */; };
		10320E3A143A053C0040FF51 /* pdf_tutorialViewController.xib in Resources */ = {isa = PBXBuildFile; fileRef = 10320E38143A053C0040FF51 /* pdf_tutorialViewController.xib */; };
/* End PBXBuildFile section */

/* Begin PBXFileReference section */
		10320E1C143A053C0040FF51 /* pdf-tutorial.app */ = {isa = PBXFileReference; explicitFileType = wrapper.application; includeInIndex = 0; path = "pdf-tutorial.app"; sourceTree = BUILT_PRODUCTS_DIR; };
		10320E20143A053C0040FF51 /* UIKit.framework */ = {isa = PBXFileReference; lastKnownFileType = wrapper.framework; name = UIKit.framework; path = System/Library/Frameworks/UIKit.framework; sourceTree = SDKROOT; };
		10320E22143A053C0040FF51 /* Foundation.framework */ = {isa = PBXFileReference; lastKnownFileType = wrapper.framework; name = Foundation.framework; path = System/Library/Frameworks/Foundation.framework; sourceTree = SDKROOT; };
		10320E24143A053C0040FF51 /* CoreGraphics.framework */ = {isa = PBXFileReference; lastKnownFileType = wrapper.framework; name = CoreGraphics.framework; path = System/Library/Frameworks/CoreGraphics.framework; sourceTree = SDKROOT; };
		10320E28143A053C0040FF51 /* pdf-tutorial-Info.plist */ = {isa = PBXFileReference; path = "pdf-tutorial-Info.plist"; sourceTree = "<group>"; };
		10320E2A143A053C0040FF51 /* en */ = {isa = PBXFileReference; lastKnownFileType = text.plist.strings; name = en; path = en.lproj/InfoPlist.strings; sourceTree = "<group>"; };
		10320E2C143A053C0040FF51 /* main.m */ = {isa = PBXFileReference; lastKnownFileType = sourcecode.c.objc; path = main.m; sourceTree = "<group>"; };
		10320E2E143A053C0040FF51 /* pdf-tutorial-Prefix.pch */ = {isa = PBXFileReference; path = "pdf-tutorial-Prefix.pch"; sourceTree = "<group>"; };
		10320E2F143A053C0040FF51 /* pdf_tutorialAppDelegate.h */ = {isa = PBXFileReference; path = pdf_tutorialAppDelegate.h; sourceTree = "<group>"; };
		10320E30143A053C0040FF51 /* pdf_tutorialAppDelegate.m */ = {isa = PBXFileReference; lastKnownFileType = sourcecode.c.objc; path = pdf_tutorialAppDelegate.m; sourceTree = "<group>"; };
		10320E33143A053C0040FF51 /* en */ = {isa = PBXFileReference; lastKnownFileType = file.xib; name = en; path = en.lproj/MainWindow.xib; sourceTree = "<group>"; };
		10320E35143A053C0040FF51 /* pdf_tutorialViewController.h */ = {isa = PBXFileReference; path = pdf_tutorialViewController.h; sourceTree = "<group>"; };
		10320E36143A053C0040FF51 /* pdf_tutorialViewController.m */ = {isa = PBXFileReference; lastKnownFileType = sourcecode.c.objc; path = pdf_tutorialViewController.m; sourceTree = "<group>"; };
		10320E39143A053C0040FF51 /* en */ = {isa = PBXFileReference; lastKnownFileType = file.xib; name = en; path = en.lproj/pdf_tutorialViewController.xib; sourceTree = "<group>"; };
/* End PBXFileReference section */

/* Begin PBXFrameworksBuildPhase section */
		10320E19143A053C0040FF51 /* Frameworks */ = {
			isa = PBXFrameworksBuildPhase;
			buildActionMask = 2147483647;
			files = (
				10320E21143A053C0040FF51 /* UIKit.framework in Frameworks */,
				10320E23143A053C0040FF51 /* Foundation.framework in Frameworks */,
				10320E25143A053C0040FF51 /* CoreGraphics.framework in Frameworks */,
			);
			runOnlyForDeploymentPostprocessing = 0;
		};
/* End PBXFrameworksBuildPhase section */

/* Begin PBXGroup section */
		10320E11143A053B0040FF51 = {
			isa = PBXGroup;
			children = (
				10320E26143A053C0040FF51 /* pdf-tutorial */,
				10320E1F143A053C0040FF51 /* Frameworks */,
				10320E1D143A053C0040FF51 /* Products */,
			);
			sourceTree = "<group>";
		};
		10320E1D143A053C0040FF51 /* Products */ = {
			isa = PBXGroup;
			children = (
				10320E1C143A053C0040FF51 /* pdf-tutorial.app */,
			);
			name = Products;
			sourceTree = "<group>";
		};
		10320E1F143A053C0040FF51 /* Frameworks */ = {
			isa = PBXGroup;
			children = (
				10320E20143A053C0040FF51 /* UIKit.framework */,
				10320E22143A053C0040FF51 /* Foundation.framework */,
				10320E24143A053C0040FF51 /* CoreGraphics.framework */,
			);
			name = Frameworks;
			sourceTree = "<group>";
		};
		10320E26143A053C0040FF51 /* pdf-tutorial */ = {
			isa = PBXGroup;
			children = (
				10320E2F143A053C0040FF51 /* pdf_tutorialAppDelegate.h */,
				10320E30143A053C0040FF51 /* pdf_tutorialAppDelegate.m */,
				10320E32143A053C0040FF51 /* MainWindow.xib */,
				10320E35143A053C0040FF51 /* pdf_tutorialViewController.h */,
				10320E36143A053C0040FF51 /* pdf_tutorialViewController.m */,
				10320E38143A053C0040FF51 /* pdf_tutorialViewController.xib */,
				10320E27143A053C0040FF51 /* Supporting Files */,
			);
			path = "pdf-tutorial";
			sourceTree = "<group>";
		};
		10320E27143A053C0040FF51 /* Supporting Files */ = {
			isa = PBXGroup;
			children = (
				10320E28143A053C0040FF51 /* pdf-tutorial-Info.plist */,
				10320E29143A053C0040FF51 /* InfoPlist.strings */,
				10320E2C143A053C0040FF51 /* main.m */,
				10320E2E143A053C0040FF51 /* pdf-tutorial-Prefix.pch */,
			);
			name = "Supporting Files";
			sourceTree = "<group>";
		};
/* End PBXGroup section */

/* Begin PBXNativeTarget section */
		10320E1B143A053C0040FF51 /* pdf-tutorial */ = {
			isa = PBXNativeTarget;
			buildConfigurationList = 10320E3D143A053C0040FF51 /* Build configuration list for PBXNativeTarget "pdf-tutorial" */;
			buildPhases = (
				10320E18143A053C0040FF51 /* Sources */,
				10320E19143A053C0040FF51 /* Frameworks */,
				10320E1A143A053C0040FF51 /* Resources */,
			);
			buildRules = (
			);
			dependencies = (
			);
			name = "pdf-tutorial";
			productName = "pdf-tutorial";
			productReference = 10320E1C143A053C0040FF51 /* pdf-tutorial.app */;
			productType = "com.apple.product-type.application";
		};
/* End PBXNativeTarget section */

/* Begin PBXProject section */
		10320E13143A053B0040FF51 /* Project object */ = {
			isa = PBXProject;
			attributes = {
				ORGANIZATIONNAME = "no excuse accounting as";
			};
			buildConfigurationList = 10320E16143A053B0040FF51 /* Build configuration list for PBXProject "pdf-tutorial" */;
			compatibilityVersion = "Xcode 3.2";
			developmentRegion = English;
			hasScannedForEncodings = 0;
			knownRegions = (
				en,
			);
			mainGroup = 10320E11143A053B0040FF51;
			productRefGroup = 10320E1D143A053C0040FF51 /* Products */;
			projectDirPath = "";
			projectRoot = "";
			targets = (
				10320E1B143A053C0040FF51 /* pdf-tutorial */,
			);
		};
/* End PBXProject section */

/* Begin PBXResourcesBuildPhase section */
		10320E1A143A053C0040FF51 /* Resources */ = {
			isa = PBXResourcesBuildPhase;
			buildActionMask = 2147483647;
			files = (
				10320E2B143A053C0040FF51 /* InfoPlist.strings in Resources */,
				10320E34143A053C0040FF51 /* MainWindow.xib in Resources */,
				10320E3A143A053C0040FF51 /* pdf_tutorialViewController.xib in Resources */,
			);
			runOnlyForDeploymentPostprocessing = 0;
		};
/* End PBXResourcesBuildPhase section */

/* Begin PBXSourcesBuildPhase section */
		10320E18143A053C0040FF51 /* Sources */ = {
			isa = PBXSourcesBuildPhase;
			buildActionMask = 2147483647;
			files = (
				10320E2D143A053C0040FF51 /* main.m in Sources */,
				10320E31143A053C0040FF51 /* pdf_tutorialAppDelegate.m in Sources */,
				10320E37143A053C0040FF51 /* pdf_tutorialViewController.m in Sources */,
			);
			runOnlyForDeploymentPostprocessing = 0;
		};
/* End PBXSourcesBuildPhase section */

/* Begin PBXVariantGroup section */
		10320E29143A053C0040FF51 /* InfoPlist.strings */ = {
			isa = PBXVariantGroup;
			children = (
				10320E2A143A053C0040FF51 /* en */,
			);
			name = InfoPlist.strings;
			sourceTree = "<group>";
		};
		10320E32143A053C0040FF51 /* MainWindow.xib */ = {
			isa = PBXVariantGroup;
			children = (
				10320E33143A053C0040FF51 /* en */,
			);
			name = MainWindow.xib;
			sourceTree = "<group>";
		};
		10320E38143A053C0040FF51 /* pdf_tutorialViewController.xib */ = {
			isa = PBXVariantGroup;
			children = (
				10320E39143A053C0040FF51 /* en */,
			);
			name = pdf_tutorialViewController.xib;
			sourceTree = "<group>";
		};
/* End PBXVariantGroup section */

/* Begin XCBuildConfiguration section */
		10320E3B143A053C0040FF51 /* Debug */ = {
			isa = XCBuildConfiguration;
			buildSettings = {
				ALWAYS_SEARCH_USER_PATHS = NO;
				ARCHS = "$(ARCHS_STANDARD_32_BIT)";
				"CODE_SIGN_IDENTITY[sdk=iphoneos*]" = "iPhone Developer";
				COPY_PHASE_STRIP = NO;
				GCC_C_LANGUAGE_STANDARD = gnu99;
				GCC_DYNAMIC_NO_PIC = NO;
				GCC_OPTIMIZATION_LEVEL = 0;
				GCC_PREPROCESSOR_DEFINITIONS = (
					"DEBUG=1",
					"$(inherited)",
				);
				GCC_SYMBOLS_PRIVATE_EXTERN = NO;
				GCC_VERSION = com.apple.compilers.llvmgcc42;
				GCC_WARN_ABOUT_MISSING_PROTOTYPES = YES;
				GCC_WARN_ABOUT_RETURN_TYPE = YES;
				GCC_WARN_UNUSED_VARIABLE = YES;
				IPHONEOS_DEPLOYMENT_TARGET = 4.3;
				SDKROOT = iphoneos;
			};
			name = Debug;
		};
		10320E3C143A053C0040FF51 /* Release */ = {
			isa = XCBuildConfiguration;
			buildSettings = {
				ALWAYS_SEARCH_USER_PATHS = NO;
				ARCHS = "$(ARCHS_STANDARD_32_BIT)";
				"CODE_SIGN_IDENTITY[sdk=iphoneos*]" = "iPhone Developer";
				COPY_PHASE_STRIP = YES;
				GCC_C_LANGUAGE_STANDARD = gnu99;
				GCC_VERSION = com.apple.compilers.llvmgcc42;
				GCC_WARN_ABOUT_MISSING_PROTOTYPES = YES;
				GCC_WARN_ABOUT_RETURN_TYPE = YES;
				GCC_WARN_UNUSED_VARIABLE = YES;
				IPHONEOS_DEPLOYMENT_TARGET = 4.3;
				OTHER_CFLAGS = "-DNS_BLOCK_ASSERTIONS=1";
				SDKROOT = iphoneos;
				VALIDATE_PRODUCT = YES;
			};
			name = Release;
		};
		10320E3E143A053C0040FF51 /* Debug */ = {
			isa = XCBuildConfiguration;
			buildSettings = {
				GCC_PRECOMPILE_PREFIX_HEADER = YES;
				GCC_PREFIX_HEADER = "pdf-tutorial/pdf-tutorial-Prefix.pch";
				INFOPLIST_FILE = "pdf-tutorial/pdf-tutorial-Info.plist";
				PRODUCT_NAME = "$(TARGET_NAME)";
				WRAPPER_EXTENSION = app;
			};
			name = Debug;
		};
		10320E3F143A053C0040FF51 /* Release */ = {
			isa = XCBuildConfiguration;
			buildSettings = {
				GCC_PRECOMPILE_PREFIX_HEADER = YES;
				GCC_PREFIX_HEADER = "pdf-tutorial/pdf-tutorial-Prefix.pch";
				INFOPLIST_FILE = "pdf-tutorial/pdf-tutorial-Info.plist";
				PRODUCT_NAME = "$(TARGET_NAME)";
				WRAPPER_EXTENSION = app;
			};
			name = Release;
		};
/* End XCBuildConfiguration section */

/* Begin XCConfigurationList section */
		10320E16143A053B0040FF51 /* Build configuration list for PBXProject "pdf-tutorial" */ = {
			isa = XCConfigurationList;
			buildConfigurations = (
				10320E3B143A053C0040FF51 /* Debug */,
				10320E3C143A053C0040FF51 /* Release */,
			);
			defaultConfigurationIsVisible = 0;
			defaultConfigurationName = Release;
		};
		10320E3D143A053C0040FF51 /* Build configuration list for PBXNativeTarget "pdf-tutorial" */ = {
			isa = XCConfigurationList;
			buildConfigurations = (
				10320E3E143A053C0040FF51 /* Debug */,
				10320E3F143A053C0040FF51 /* Release */,
			);
			defaultConfigurationIsVisible = 0;
		};
/* End XCConfigurationList section */
	};
	rootObject = 10320E13143A053B0040FF51 /* Project object */;
}
